
Microsoft Visual Studio Solution File, Format Version 12.00
Project("{FAE04EC0-301F-11D3-BF4B-00C04F79EFBC}") = "ThematicMapCreator.Api", "ThematicMapCreator.Api\ThematicMapCreator.Api.csproj", "{D330CBBD-B8B0-4B43-A708-19525E40D1DD}"
EndProject
Project("{FAE04EC0-301F-11D3-BF4B-00C04F79EFBC}") = "ThematicMapCreator.Tests", "ThematicMapCreator.Tests\ThematicMapCreator.Tests.csproj", "{1D691C9F-99A3-46C3-BC28-03FF6C217649}"
EndProject
Global
	GlobalSection(SolutionConfigurationPlatforms) = preSolution
		Debug|Any CPU = Debug|Any CPU
		Release|Any CPU = Release|Any CPU
	EndGlobalSection
	GlobalSection(ProjectConfigurationPlatforms) = postSolution
		{D330CBBD-B8B0-4B43-A708-19525E40D1DD}.Debug|Any CPU.ActiveCfg = Debug|Any CPU
		{D330CBBD-B8B0-4B43-A708-19525E40D1DD}.Debug|Any CPU.Build.0 = Debug|Any CPU
		{D330CBBD-B8B0-4B43-A708-19525E40D1DD}.Release|Any CPU.ActiveCfg = Release|Any CPU
		{D330CBBD-B8B0-4B43-A708-19525E40D1DD}.Release|Any CPU.Build.0 = Release|Any CPU
		{1D691C9F-99A3-46C3-BC28-03FF6C217649}.Debug|Any CPU.ActiveCfg = Debug|Any CPU
		{1D691C9F-99A3-46C3-BC28-03FF6C217649}.Debug|Any CPU.Build.0 = Debug|Any CPU
		{1D691C9F-99A3-46C3-BC28-03FF6C217649}.Release|Any CPU.ActiveCfg = Release|Any CPU
		{1D691C9F-99A3-46C3-BC28-03FF6C217649}.Release|Any CPU.Build.0 = Release|Any CPU
	EndGlobalSection
EndGlobal
